
Microsoft Visual Studio Solution File, Format Version 12.00
# Visual Studio Version 17
VisualStudioVersion = 17.7.34202.233
MinimumVisualStudioVersion = 10.0.40219.1
Project("{FAE04EC0-301F-11D3-BF4B-00C04F79EFBC}") = "MenuFunctions", "MenuFunctions\MenuFunctions.csproj", "{E117FBC0-7AB4-4C15-A4A9-646E97854821}"
EndProject
Project("{FAE04EC0-301F-11D3-BF4B-00C04F79EFBC}") = "实现运行效果", "实现运行效果\实现运行效果.csproj", "{81868E36-4BFF-43EF-9010-E436789B19EE}"
EndProject
Project("{FAE04EC0-301F-11D3-BF4B-00C04F79EFBC}") = "测试", "测试\测试.csproj", "{4E0DA51C-ECE6-40D6-A199-C2BEB44E8B15}"
EndProject
Project("{FAE04EC0-301F-11D3-BF4B-00C04F79EFBC}") = "按键测试", "按键测试\按键测试.csproj", "{AB5C5856-CD60-4994-B75F-01542D99F05D}"
EndProject
Project("{FAE04EC0-301F-11D3-BF4B-00C04F79EFBC}") = "按键测试2", "按键测试2\按键测试2.csproj", "{0CCAD1A0-93F4-468F-A1E2-03E3C6C1BC08}"
EndProject
Global
	GlobalSection(SolutionConfigurationPlatforms) = preSolution
		Debug|Any CPU = Debug|Any CPU
		Release|Any CPU = Release|Any CPU
	EndGlobalSection
	GlobalSection(ProjectConfigurationPlatforms) = postSolution
		{E117FBC0-7AB4-4C15-A4A9-646E97854821}.Debug|Any CPU.ActiveCfg = Debug|Any CPU
		{E117FBC0-7AB4-4C15-A4A9-646E97854821}.Debug|Any CPU.Build.0 = Debug|Any CPU
		{E117FBC0-7AB4-4C15-A4A9-646E97854821}.Release|Any CPU.ActiveCfg = Release|Any CPU
		{E117FBC0-7AB4-4C15-A4A9-646E97854821}.Release|Any CPU.Build.0 = Release|Any CPU
		{81868E36-4BFF-43EF-9010-E436789B19EE}.Debug|Any CPU.ActiveCfg = Debug|Any CPU
		{81868E36-4BFF-43EF-9010-E436789B19EE}.Debug|Any CPU.Build.0 = Debug|Any CPU
		{81868E36-4BFF-43EF-9010-E436789B19EE}.Release|Any CPU.ActiveCfg = Release|Any CPU
		{81868E36-4BFF-43EF-9010-E436789B19EE}.Release|Any CPU.Build.0 = Release|Any CPU
		{4E0DA51C-ECE6-40D6-A199-C2BEB44E8B15}.Debug|Any CPU.ActiveCfg = Debug|Any CPU
		{4E0DA51C-ECE6-40D6-A199-C2BEB44E8B15}.Debug|Any CPU.Build.0 = Debug|Any CPU
		{4E0DA51C-ECE6-40D6-A199-C2BEB44E8B15}.Release|Any CPU.ActiveCfg = Release|Any CPU
		{4E0DA51C-ECE6-40D6-A199-C2BEB44E8B15}.Release|Any CPU.Build.0 = Release|Any CPU
		{AB5C5856-CD60-4994-B75F-01542D99F05D}.Debug|Any CPU.ActiveCfg = Debug|Any CPU
		{AB5C5856-CD60-4994-B75F-01542D99F05D}.Debug|Any CPU.Build.0 = Debug|Any CPU
		{AB5C5856-CD60-4994-B75F-01542D99F05D}.Release|Any CPU.ActiveCfg = Release|Any CPU
		{AB5C5856-CD60-4994-B75F-01542D99F05D}.Release|Any CPU.Build.0 = Release|Any CPU
		{0CCAD1A0-93F4-468F-A1E2-03E3C6C1BC08}.Debug|Any CPU.ActiveCfg = Debug|Any CPU
		{0CCAD1A0-93F4-468F-A1E2-03E3C6C1BC08}.Debug|Any CPU.Build.0 = Debug|Any CPU
		{0CCAD1A0-93F4-468F-A1E2-03E3C6C1BC08}.Release|Any CPU.ActiveCfg = Release|Any CPU
		{0CCAD1A0-93F4-468F-A1E2-03E3C6C1BC08}.Release|Any CPU.Build.0 = Release|Any CPU
	EndGlobalSection
	GlobalSection(SolutionProperties) = preSolution
		HideSolutionNode = FALSE
	EndGlobalSection
	GlobalSection(ExtensibilityGlobals) = postSolution
		SolutionGuid = {F8BAF846-176F-4FD5-B99A-B131DB174BF3}
	EndGlobalSection
EndGlobal
